
Microsoft Visual Studio Solution File, Format Version 12.00
# Visual Studio 2012
Project("{2150E333-8FDC-42A3-9474-1A3956D46DE8}") = "Solution Items", "Solution Items", "{5ADAC9F7-37AB-43BB-84E2-3B55B42AF510}"
	ProjectSection(SolutionItems) = preProject
		Cakefile = Cakefile
		README.md = README.md
		Run = Run
		Run.bat = Run.bat
		RunTests.coffee = RunTests.coffee
	EndProjectSection
EndProject
Project("{2150E333-8FDC-42A3-9474-1A3956D46DE8}") = "src", "src", "{A2486F3E-165B-40B0-9377-0C45AF7D4792}"
	ProjectSection(SolutionItems) = preProject
		src\controller.coffee = src\controller.coffee
		src\product.coffee = src\product.coffee
	EndProjectSection
EndProject
Project("{2150E333-8FDC-42A3-9474-1A3956D46DE8}") = "grammar", "grammar", "{92044D3C-D9FE-4B63-B166-76404323FC60}"
	ProjectSection(SolutionItems) = preProject
		src\grammar\grammar-ast.jison = src\grammar\grammar-ast.jison
		src\grammar\grammar.flex = src\grammar\grammar.flex
	EndProjectSection
EndProject
Project("{2150E333-8FDC-42A3-9474-1A3956D46DE8}") = "spec", "spec", "{7771D479-700F-4375-9EAF-1D20A9D79287}"
	ProjectSection(SolutionItems) = preProject
		spec\parserSpec.coffee = spec\parserSpec.coffee
	EndProjectSection
EndProject
Project("{2150E333-8FDC-42A3-9474-1A3956D46DE8}") = "public", "public", "{53E52862-A349-47F3-A309-B396E26A7584}"
	ProjectSection(SolutionItems) = preProject
		public\controller.html = public\controller.html
		public\index.html = public\index.html
		public\product.html = public\product.html
	EndProjectSection
EndProject
Project("{FAE04EC0-301F-11D3-BF4B-00C04F79EFBC}") = "JustReBuildThis", "ConsoleApplication2\JustReBuildThis.csproj", "{759A8CE4-CDC0-42D7-A431-B7C8DAC4ED4E}"
EndProject
Project("{2150E333-8FDC-42A3-9474-1A3956D46DE8}") = "scripts", "scripts", "{7193BB56-A7F3-40FC-ABD9-0BE91F7BC749}"
	ProjectSection(SolutionItems) = preProject
		public\scripts\controller.js = public\scripts\controller.js
		public\scripts\grammar-ast.js = public\scripts\grammar-ast.js
		public\scripts\product.js = public\scripts\product.js
	EndProjectSection
EndProject
Global
	GlobalSection(TeamFoundationVersionControl) = preSolution
		SccNumberOfProjects = 2
		SccEnterpriseProvider = {4CA58AB2-18FA-4F8D-95D4-32DDF27D184C}
		SccTeamFoundationServer = http://ca1tfs10:8080/tfs/nextgenproduct
		SccLocalPath0 = .
		SccProjectUniqueName1 = ConsoleApplication2\\JustReBuildThis.csproj
		SccProjectName1 = ConsoleApplication2
		SccLocalPath1 = ConsoleApplication2
	EndGlobalSection
	GlobalSection(SolutionConfigurationPlatforms) = preSolution
		Debug|Any CPU = Debug|Any CPU
		Release|Any CPU = Release|Any CPU
	EndGlobalSection
	GlobalSection(ProjectConfigurationPlatforms) = postSolution
		{759A8CE4-CDC0-42D7-A431-B7C8DAC4ED4E}.Debug|Any CPU.ActiveCfg = Debug|Any CPU
		{759A8CE4-CDC0-42D7-A431-B7C8DAC4ED4E}.Debug|Any CPU.Build.0 = Debug|Any CPU
		{759A8CE4-CDC0-42D7-A431-B7C8DAC4ED4E}.Release|Any CPU.ActiveCfg = Release|Any CPU
		{759A8CE4-CDC0-42D7-A431-B7C8DAC4ED4E}.Release|Any CPU.Build.0 = Release|Any CPU
	EndGlobalSection
	GlobalSection(SolutionProperties) = preSolution
		HideSolutionNode = FALSE
	EndGlobalSection
	GlobalSection(NestedProjects) = preSolution
		{A2486F3E-165B-40B0-9377-0C45AF7D4792} = {5ADAC9F7-37AB-43BB-84E2-3B55B42AF510}
		{7771D479-700F-4375-9EAF-1D20A9D79287} = {5ADAC9F7-37AB-43BB-84E2-3B55B42AF510}
		{53E52862-A349-47F3-A309-B396E26A7584} = {5ADAC9F7-37AB-43BB-84E2-3B55B42AF510}
		{92044D3C-D9FE-4B63-B166-76404323FC60} = {A2486F3E-165B-40B0-9377-0C45AF7D4792}
		{7193BB56-A7F3-40FC-ABD9-0BE91F7BC749} = {53E52862-A349-47F3-A309-B396E26A7584}
	EndGlobalSection
EndGlobal
